
Microsoft Visual Studio Solution File, Format Version 12.00
# Visual Studio Version 17
VisualStudioVersion = 17.9.34902.65
MinimumVisualStudioVersion = 10.0.40219.1
Project("{2150E333-8FDC-42A3-9474-1A3956D46DE8}") = "CreationalPatterns", "CreationalPatterns", "{34877FA2-EAA2-4437-B97C-F3494D589DFD}"
EndProject
Project("{2150E333-8FDC-42A3-9474-1A3956D46DE8}") = "StructuralPatterns", "StructuralPatterns", "{6E2093DF-DC4A-4156-A007-D7F6FFA54AAD}"
EndProject
Project("{2150E333-8FDC-42A3-9474-1A3956D46DE8}") = "BehavioralPatterns", "BehavioralPatterns", "{CE7597D9-9AE2-4DF6-8981-7C4773C70B5F}"
EndProject
Project("{2150E333-8FDC-42A3-9474-1A3956D46DE8}") = "Adapter", "Adapter", "{08FA5EC7-E75A-4F6A-AA1A-0D03BE24A199}"
EndProject
Project("{9A19103F-16F7-4668-BE54-9A1E7A4F7556}") = "AdapterPattern", "AdapterPattern\AdapterPattern.csproj", "{3D1EC7C8-8379-4BF3-87B7-BAA3BB8946C2}"
EndProject
Project("{9A19103F-16F7-4668-BE54-9A1E7A4F7556}") = "PayrollSystem", "PayrollSystem\PayrollSystem.csproj", "{82D9535B-A974-4041-BA98-58661B647147}"
EndProject
Project("{2150E333-8FDC-42A3-9474-1A3956D46DE8}") = "Singleton", "Singleton", "{A9AA4440-29DB-48B2-A9BA-4A781DB26DA6}"
EndProject
Project("{9A19103F-16F7-4668-BE54-9A1E7A4F7556}") = "StrategyPattern", "StrategyPattern\StrategyPattern.csproj", "{542ACF1C-DE57-4F43-90C4-04C978FE91F0}"
EndProject
Project("{2150E333-8FDC-42A3-9474-1A3956D46DE8}") = "Strategy", "Strategy", "{BA1CB835-0587-4C50-B92D-685690999D4D}"
EndProject
Project("{2150E333-8FDC-42A3-9474-1A3956D46DE8}") = "SimpleFactory", "SimpleFactory", "{46C460D1-08EA-4149-A101-00292729B7D5}"
EndProject
Project("{2150E333-8FDC-42A3-9474-1A3956D46DE8}") = "TemplateMethod", "TemplateMethod", "{2BE53258-2537-4069-9CC1-B311DAB600A8}"
EndProject
Project("{9A19103F-16F7-4668-BE54-9A1E7A4F7556}") = "TemplateMethodPattern", "TemplateMethodPattern\TemplateMethodPattern.csproj", "{DC0763E1-3916-4705-9D1F-E84EDDDD0A56}"
EndProject
Project("{2150E333-8FDC-42A3-9474-1A3956D46DE8}") = "State", "State", "{DF0E7D06-4DF9-4C9B-A1AE-C4D9D7110283}"
EndProject
Project("{9A19103F-16F7-4668-BE54-9A1E7A4F7556}") = "StatePattern", "StatePattern\StatePattern.csproj", "{DD36FD60-8FA9-4D2B-A097-6C93A69143EC}"
EndProject
Project("{2150E333-8FDC-42A3-9474-1A3956D46DE8}") = "Command", "Command", "{B4908FFE-4D8F-48B8-B805-F60D4B436968}"
EndProject
Project("{9A19103F-16F7-4668-BE54-9A1E7A4F7556}") = "CommandPattern", "CommandPattern\CommandPattern.csproj", "{246FC338-5348-4C8D-8B81-D8360FFD6F88}"
EndProject
Project("{2150E333-8FDC-42A3-9474-1A3956D46DE8}") = "Memento", "Memento", "{7E2AE3BD-68A3-4F98-BC2F-5EDAFAC8FC50}"
EndProject
Project("{9A19103F-16F7-4668-BE54-9A1E7A4F7556}") = "MementoPattern", "MementoPattern\MementoPattern.csproj", "{EF4C32DC-8596-4DAB-B62E-9A6FA99D6DB8}"
EndProject
Project("{2150E333-8FDC-42A3-9474-1A3956D46DE8}") = "Builder", "Builder", "{AC5D64CE-5C88-4452-9E7C-701CE49489A2}"
EndProject
Project("{9A19103F-16F7-4668-BE54-9A1E7A4F7556}") = "BuilderPattern", "BuilderPattern\BuilderPattern.csproj", "{64F01739-EABB-4F48-A53F-7EBE98960338}"
EndProject
Project("{2150E333-8FDC-42A3-9474-1A3956D46DE8}") = "Decorator", "Decorator", "{6425E8AF-3178-45B5-A8BD-834248C0787E}"
EndProject
Project("{9A19103F-16F7-4668-BE54-9A1E7A4F7556}") = "DecoratorPattern", "DecoratorPattern\DecoratorPattern.csproj", "{8DE105A7-04ED-4BD7-B4BB-D1731482B485}"
EndProject
Project("{2150E333-8FDC-42A3-9474-1A3956D46DE8}") = "ChainOfResponsiblity", "ChainOfResponsiblity", "{3D4334E8-AF59-48F3-B82E-ECFD51422AFA}"
EndProject
Project("{9A19103F-16F7-4668-BE54-9A1E7A4F7556}") = "ChainOfResponsiblityPattern", "ChainOfResponsiblityPattern\ChainOfResponsiblityPattern.csproj", "{3272E22F-025A-47E0-B624-E49AF0267DE8}"
EndProject
Project("{2150E333-8FDC-42A3-9474-1A3956D46DE8}") = "Prototype", "Prototype", "{F39CA381-755C-434C-8DD3-51C7C204484D}"
EndProject
Project("{9A19103F-16F7-4668-BE54-9A1E7A4F7556}") = "ProtoTypeDesignPattern", "ProtoTypeDesignPattern\ProtoTypeDesignPattern.csproj", "{20EC8589-97C8-4688-A8FD-49868871AC29}"
EndProject
Project("{2150E333-8FDC-42A3-9474-1A3956D46DE8}") = "Facade", "Facade", "{E8A38A35-89F9-43D7-B468-D40684B5D51D}"
EndProject
Project("{9A19103F-16F7-4668-BE54-9A1E7A4F7556}") = "FacadePattern", "FacadePattern\FacadePattern.csproj", "{5C9C98C2-DD20-4902-BA3A-104B9C503DA8}"
EndProject
Project("{2150E333-8FDC-42A3-9474-1A3956D46DE8}") = "Observer", "Observer", "{C17D3560-08EE-4819-BB2C-DC025E909989}"
EndProject
Project("{9A19103F-16F7-4668-BE54-9A1E7A4F7556}") = "ObserverPattern", "ObserverPattern\ObserverPattern.csproj", "{2431AAFA-C76F-4619-A4CC-5975F5A51634}"
EndProject
Project("{2150E333-8FDC-42A3-9474-1A3956D46DE8}") = "AbstractFactory", "AbstractFactory", "{459EFFF8-D660-445A-8450-119244177CBE}"
EndProject
Project("{2150E333-8FDC-42A3-9474-1A3956D46DE8}") = "Factory", "Factory", "{B7D4F5D2-8175-4A5F-BEB1-32EEF280729F}"
EndProject
Project("{2150E333-8FDC-42A3-9474-1A3956D46DE8}") = "FactoryMethod", "FactoryMethod", "{55A80685-FAA4-4B0D-84AC-FCCB1F16619B}"
EndProject
Project("{9A19103F-16F7-4668-BE54-9A1E7A4F7556}") = "AbstractFactoryPattern", "FactoryPattern\AbstractFactoryPattern\AbstractFactoryPattern.csproj", "{4D99A0C4-4DE2-4714-A64E-D6737FFFE97A}"
EndProject
Project("{9A19103F-16F7-4668-BE54-9A1E7A4F7556}") = "FactoryMethodPattern", "FactoryPattern\FactoryMethodPattern\FactoryMethodPattern.csproj", "{BFF01A31-A3C0-4AAA-9AE7-5B44844D3F75}"
EndProject
Project("{9A19103F-16F7-4668-BE54-9A1E7A4F7556}") = "SimpleFactoryPattern", "FactoryPattern\SimpleFactoryPattern\SimpleFactoryPattern.csproj", "{2377E7C4-C5F7-4FF1-B4EB-51DB1ECA1DBC}"
EndProject
Project("{9A19103F-16F7-4668-BE54-9A1E7A4F7556}") = "SingletonPattern", "Singleton\SingletonPattern.csproj", "{09EA1BA7-C4C0-45F9-A48A-1549E791E655}"
EndProject
Global
	GlobalSection(SolutionConfigurationPlatforms) = preSolution
		Debug|Any CPU = Debug|Any CPU
		Release|Any CPU = Release|Any CPU
	EndGlobalSection
	GlobalSection(ProjectConfigurationPlatforms) = postSolution
		{3D1EC7C8-8379-4BF3-87B7-BAA3BB8946C2}.Debug|Any CPU.ActiveCfg = Debug|Any CPU
		{3D1EC7C8-8379-4BF3-87B7-BAA3BB8946C2}.Debug|Any CPU.Build.0 = Debug|Any CPU
		{3D1EC7C8-8379-4BF3-87B7-BAA3BB8946C2}.Release|Any CPU.ActiveCfg = Release|Any CPU
		{3D1EC7C8-8379-4BF3-87B7-BAA3BB8946C2}.Release|Any CPU.Build.0 = Release|Any CPU
		{82D9535B-A974-4041-BA98-58661B647147}.Debug|Any CPU.ActiveCfg = Debug|Any CPU
		{82D9535B-A974-4041-BA98-58661B647147}.Debug|Any CPU.Build.0 = Debug|Any CPU
		{82D9535B-A974-4041-BA98-58661B647147}.Release|Any CPU.ActiveCfg = Release|Any CPU
		{82D9535B-A974-4041-BA98-58661B647147}.Release|Any CPU.Build.0 = Release|Any CPU
		{542ACF1C-DE57-4F43-90C4-04C978FE91F0}.Debug|Any CPU.ActiveCfg = Debug|Any CPU
		{542ACF1C-DE57-4F43-90C4-04C978FE91F0}.Debug|Any CPU.Build.0 = Debug|Any CPU
		{542ACF1C-DE57-4F43-90C4-04C978FE91F0}.Release|Any CPU.ActiveCfg = Release|Any CPU
		{542ACF1C-DE57-4F43-90C4-04C978FE91F0}.Release|Any CPU.Build.0 = Release|Any CPU
		{DC0763E1-3916-4705-9D1F-E84EDDDD0A56}.Debug|Any CPU.ActiveCfg = Debug|Any CPU
		{DC0763E1-3916-4705-9D1F-E84EDDDD0A56}.Debug|Any CPU.Build.0 = Debug|Any CPU
		{DC0763E1-3916-4705-9D1F-E84EDDDD0A56}.Release|Any CPU.ActiveCfg = Release|Any CPU
		{DC0763E1-3916-4705-9D1F-E84EDDDD0A56}.Release|Any CPU.Build.0 = Release|Any CPU
		{DD36FD60-8FA9-4D2B-A097-6C93A69143EC}.Debug|Any CPU.ActiveCfg = Debug|Any CPU
		{DD36FD60-8FA9-4D2B-A097-6C93A69143EC}.Debug|Any CPU.Build.0 = Debug|Any CPU
		{DD36FD60-8FA9-4D2B-A097-6C93A69143EC}.Release|Any CPU.ActiveCfg = Release|Any CPU
		{DD36FD60-8FA9-4D2B-A097-6C93A69143EC}.Release|Any CPU.Build.0 = Release|Any CPU
		{246FC338-5348-4C8D-8B81-D8360FFD6F88}.Debug|Any CPU.ActiveCfg = Debug|Any CPU
		{246FC338-5348-4C8D-8B81-D8360FFD6F88}.Debug|Any CPU.Build.0 = Debug|Any CPU
		{246FC338-5348-4C8D-8B81-D8360FFD6F88}.Release|Any CPU.ActiveCfg = Release|Any CPU
		{246FC338-5348-4C8D-8B81-D8360FFD6F88}.Release|Any CPU.Build.0 = Release|Any CPU
		{EF4C32DC-8596-4DAB-B62E-9A6FA99D6DB8}.Debug|Any CPU.ActiveCfg = Debug|Any CPU
		{EF4C32DC-8596-4DAB-B62E-9A6FA99D6DB8}.Debug|Any CPU.Build.0 = Debug|Any CPU
		{EF4C32DC-8596-4DAB-B62E-9A6FA99D6DB8}.Release|Any CPU.ActiveCfg = Release|Any CPU
		{EF4C32DC-8596-4DAB-B62E-9A6FA99D6DB8}.Release|Any CPU.Build.0 = Release|Any CPU
		{64F01739-EABB-4F48-A53F-7EBE98960338}.Debug|Any CPU.ActiveCfg = Debug|Any CPU
		{64F01739-EABB-4F48-A53F-7EBE98960338}.Debug|Any CPU.Build.0 = Debug|Any CPU
		{64F01739-EABB-4F48-A53F-7EBE98960338}.Release|Any CPU.ActiveCfg = Release|Any CPU
		{64F01739-EABB-4F48-A53F-7EBE98960338}.Release|Any CPU.Build.0 = Release|Any CPU
		{8DE105A7-04ED-4BD7-B4BB-D1731482B485}.Debug|Any CPU.ActiveCfg = Debug|Any CPU
		{8DE105A7-04ED-4BD7-B4BB-D1731482B485}.Debug|Any CPU.Build.0 = Debug|Any CPU
		{8DE105A7-04ED-4BD7-B4BB-D1731482B485}.Release|Any CPU.ActiveCfg = Release|Any CPU
		{8DE105A7-04ED-4BD7-B4BB-D1731482B485}.Release|Any CPU.Build.0 = Release|Any CPU
		{3272E22F-025A-47E0-B624-E49AF0267DE8}.Debug|Any CPU.ActiveCfg = Debug|Any CPU
		{3272E22F-025A-47E0-B624-E49AF0267DE8}.Debug|Any CPU.Build.0 = Debug|Any CPU
		{3272E22F-025A-47E0-B624-E49AF0267DE8}.Release|Any CPU.ActiveCfg = Release|Any CPU
		{3272E22F-025A-47E0-B624-E49AF0267DE8}.Release|Any CPU.Build.0 = Release|Any CPU
		{20EC8589-97C8-4688-A8FD-49868871AC29}.Debug|Any CPU.ActiveCfg = Debug|Any CPU
		{20EC8589-97C8-4688-A8FD-49868871AC29}.Debug|Any CPU.Build.0 = Debug|Any CPU
		{20EC8589-97C8-4688-A8FD-49868871AC29}.Release|Any CPU.ActiveCfg = Release|Any CPU
		{20EC8589-97C8-4688-A8FD-49868871AC29}.Release|Any CPU.Build.0 = Release|Any CPU
		{5C9C98C2-DD20-4902-BA3A-104B9C503DA8}.Debug|Any CPU.ActiveCfg = Debug|Any CPU
		{5C9C98C2-DD20-4902-BA3A-104B9C503DA8}.Debug|Any CPU.Build.0 = Debug|Any CPU
		{5C9C98C2-DD20-4902-BA3A-104B9C503DA8}.Release|Any CPU.ActiveCfg = Release|Any CPU
		{5C9C98C2-DD20-4902-BA3A-104B9C503DA8}.Release|Any CPU.Build.0 = Release|Any CPU
		{2431AAFA-C76F-4619-A4CC-5975F5A51634}.Debug|Any CPU.ActiveCfg = Debug|Any CPU
		{2431AAFA-C76F-4619-A4CC-5975F5A51634}.Debug|Any CPU.Build.0 = Debug|Any CPU
		{2431AAFA-C76F-4619-A4CC-5975F5A51634}.Release|Any CPU.ActiveCfg = Release|Any CPU
		{2431AAFA-C76F-4619-A4CC-5975F5A51634}.Release|Any CPU.Build.0 = Release|Any CPU
		{4D99A0C4-4DE2-4714-A64E-D6737FFFE97A}.Debug|Any CPU.ActiveCfg = Debug|Any CPU
		{4D99A0C4-4DE2-4714-A64E-D6737FFFE97A}.Debug|Any CPU.Build.0 = Debug|Any CPU
		{4D99A0C4-4DE2-4714-A64E-D6737FFFE97A}.Release|Any CPU.ActiveCfg = Release|Any CPU
		{4D99A0C4-4DE2-4714-A64E-D6737FFFE97A}.Release|Any CPU.Build.0 = Release|Any CPU
		{BFF01A31-A3C0-4AAA-9AE7-5B44844D3F75}.Debug|Any CPU.ActiveCfg = Debug|Any CPU
		{BFF01A31-A3C0-4AAA-9AE7-5B44844D3F75}.Debug|Any CPU.Build.0 = Debug|Any CPU
		{BFF01A31-A3C0-4AAA-9AE7-5B44844D3F75}.Release|Any CPU.ActiveCfg = Release|Any CPU
		{BFF01A31-A3C0-4AAA-9AE7-5B44844D3F75}.Release|Any CPU.Build.0 = Release|Any CPU
		{2377E7C4-C5F7-4FF1-B4EB-51DB1ECA1DBC}.Debug|Any CPU.ActiveCfg = Debug|Any CPU
		{2377E7C4-C5F7-4FF1-B4EB-51DB1ECA1DBC}.Debug|Any CPU.Build.0 = Debug|Any CPU
		{2377E7C4-C5F7-4FF1-B4EB-51DB1ECA1DBC}.Release|Any CPU.ActiveCfg = Release|Any CPU
		{2377E7C4-C5F7-4FF1-B4EB-51DB1ECA1DBC}.Release|Any CPU.Build.0 = Release|Any CPU
		{09EA1BA7-C4C0-45F9-A48A-1549E791E655}.Debug|Any CPU.ActiveCfg = Debug|Any CPU
		{09EA1BA7-C4C0-45F9-A48A-1549E791E655}.Debug|Any CPU.Build.0 = Debug|Any CPU
		{09EA1BA7-C4C0-45F9-A48A-1549E791E655}.Release|Any CPU.ActiveCfg = Release|Any CPU
		{09EA1BA7-C4C0-45F9-A48A-1549E791E655}.Release|Any CPU.Build.0 = Release|Any CPU
	EndGlobalSection
	GlobalSection(SolutionProperties) = preSolution
		HideSolutionNode = FALSE
	EndGlobalSection
	GlobalSection(NestedProjects) = preSolution
		{08FA5EC7-E75A-4F6A-AA1A-0D03BE24A199} = {6E2093DF-DC4A-4156-A007-D7F6FFA54AAD}
		{3D1EC7C8-8379-4BF3-87B7-BAA3BB8946C2} = {08FA5EC7-E75A-4F6A-AA1A-0D03BE24A199}
		{82D9535B-A974-4041-BA98-58661B647147} = {08FA5EC7-E75A-4F6A-AA1A-0D03BE24A199}
		{A9AA4440-29DB-48B2-A9BA-4A781DB26DA6} = {34877FA2-EAA2-4437-B97C-F3494D589DFD}
		{542ACF1C-DE57-4F43-90C4-04C978FE91F0} = {BA1CB835-0587-4C50-B92D-685690999D4D}
		{BA1CB835-0587-4C50-B92D-685690999D4D} = {CE7597D9-9AE2-4DF6-8981-7C4773C70B5F}
		{46C460D1-08EA-4149-A101-00292729B7D5} = {B7D4F5D2-8175-4A5F-BEB1-32EEF280729F}
		{2BE53258-2537-4069-9CC1-B311DAB600A8} = {CE7597D9-9AE2-4DF6-8981-7C4773C70B5F}
		{DC0763E1-3916-4705-9D1F-E84EDDDD0A56} = {2BE53258-2537-4069-9CC1-B311DAB600A8}
		{DF0E7D06-4DF9-4C9B-A1AE-C4D9D7110283} = {CE7597D9-9AE2-4DF6-8981-7C4773C70B5F}
		{DD36FD60-8FA9-4D2B-A097-6C93A69143EC} = {DF0E7D06-4DF9-4C9B-A1AE-C4D9D7110283}
		{B4908FFE-4D8F-48B8-B805-F60D4B436968} = {CE7597D9-9AE2-4DF6-8981-7C4773C70B5F}
		{246FC338-5348-4C8D-8B81-D8360FFD6F88} = {B4908FFE-4D8F-48B8-B805-F60D4B436968}
		{7E2AE3BD-68A3-4F98-BC2F-5EDAFAC8FC50} = {CE7597D9-9AE2-4DF6-8981-7C4773C70B5F}
		{EF4C32DC-8596-4DAB-B62E-9A6FA99D6DB8} = {7E2AE3BD-68A3-4F98-BC2F-5EDAFAC8FC50}
		{AC5D64CE-5C88-4452-9E7C-701CE49489A2} = {34877FA2-EAA2-4437-B97C-F3494D589DFD}
		{64F01739-EABB-4F48-A53F-7EBE98960338} = {AC5D64CE-5C88-4452-9E7C-701CE49489A2}
		{6425E8AF-3178-45B5-A8BD-834248C0787E} = {6E2093DF-DC4A-4156-A007-D7F6FFA54AAD}
		{8DE105A7-04ED-4BD7-B4BB-D1731482B485} = {6425E8AF-3178-45B5-A8BD-834248C0787E}
		{3D4334E8-AF59-48F3-B82E-ECFD51422AFA} = {CE7597D9-9AE2-4DF6-8981-7C4773C70B5F}
		{3272E22F-025A-47E0-B624-E49AF0267DE8} = {3D4334E8-AF59-48F3-B82E-ECFD51422AFA}
		{F39CA381-755C-434C-8DD3-51C7C204484D} = {34877FA2-EAA2-4437-B97C-F3494D589DFD}
		{20EC8589-97C8-4688-A8FD-49868871AC29} = {F39CA381-755C-434C-8DD3-51C7C204484D}
		{E8A38A35-89F9-43D7-B468-D40684B5D51D} = {6E2093DF-DC4A-4156-A007-D7F6FFA54AAD}
		{5C9C98C2-DD20-4902-BA3A-104B9C503DA8} = {E8A38A35-89F9-43D7-B468-D40684B5D51D}
		{C17D3560-08EE-4819-BB2C-DC025E909989} = {CE7597D9-9AE2-4DF6-8981-7C4773C70B5F}
		{2431AAFA-C76F-4619-A4CC-5975F5A51634} = {C17D3560-08EE-4819-BB2C-DC025E909989}
		{459EFFF8-D660-445A-8450-119244177CBE} = {B7D4F5D2-8175-4A5F-BEB1-32EEF280729F}
		{B7D4F5D2-8175-4A5F-BEB1-32EEF280729F} = {34877FA2-EAA2-4437-B97C-F3494D589DFD}
		{55A80685-FAA4-4B0D-84AC-FCCB1F16619B} = {B7D4F5D2-8175-4A5F-BEB1-32EEF280729F}
		{4D99A0C4-4DE2-4714-A64E-D6737FFFE97A} = {459EFFF8-D660-445A-8450-119244177CBE}
		{BFF01A31-A3C0-4AAA-9AE7-5B44844D3F75} = {55A80685-FAA4-4B0D-84AC-FCCB1F16619B}
		{2377E7C4-C5F7-4FF1-B4EB-51DB1ECA1DBC} = {46C460D1-08EA-4149-A101-00292729B7D5}
		{09EA1BA7-C4C0-45F9-A48A-1549E791E655} = {A9AA4440-29DB-48B2-A9BA-4A781DB26DA6}
	EndGlobalSection
	GlobalSection(ExtensibilityGlobals) = postSolution
		SolutionGuid = {2C54352E-0161-4728-BA4D-4B5235797FC1}
	EndGlobalSection
EndGlobal
